
Microsoft Visual Studio Solution File, Format Version 12.00
# Visual Studio Version 17
VisualStudioVersion = 17.6.33712.159
MinimumVisualStudioVersion = 10.0.40219.1
Project("{FAE04EC0-301F-11D3-BF4B-00C04F79EFBC}") = "WpfStoreHomework", "WpfStoreHomework\WpfStoreHomework.csproj", "{396BD5BD-713F-4E43-8700-E551522714E6}"
EndProject
Global
	GlobalSection(SolutionConfigurationPlatforms) = preSolution
		Debug|Any CPU = Debug|Any CPU
		Release|Any CPU = Release|Any CPU
	EndGlobalSection
	GlobalSection(ProjectConfigurationPlatforms) = postSolution
		{396BD5BD-713F-4E43-8700-E551522714E6}.Debug|Any CPU.ActiveCfg = Debug|Any CPU
		{396BD5BD-713F-4E43-8700-E551522714E6}.Debug|Any CPU.Build.0 = Debug|Any CPU
		{396BD5BD-713F-4E43-8700-E551522714E6}.Release|Any CPU.ActiveCfg = Release|Any CPU
		{396BD5BD-713F-4E43-8700-E551522714E6}.Release|Any CPU.Build.0 = Release|Any CPU
	EndGlobalSection
	GlobalSection(SolutionProperties) = preSolution
		HideSolutionNode = FALSE
	EndGlobalSection
	GlobalSection(ExtensibilityGlobals) = postSolution
		SolutionGuid = {876109E7-37BB-4611-ADB4-D6114F01F39D}
	EndGlobalSection
EndGlobal
